
Microsoft Visual Studio Solution File, Format Version 12.00
# Visual Studio Version 17
VisualStudioVersion = 17.0.31717.71
MinimumVisualStudioVersion = 10.0.40219.1
Project("{FAE04EC0-301F-11D3-BF4B-00C04F79EFBC}") = "Helium.Logging", "Helium.Logging\Helium.Logging.csproj", "{78B85340-05DB-45F9-A8E6-740ED2522E36}"
EndProject
Global
	GlobalSection(SolutionConfigurationPlatforms) = preSolution
		Debug|Any CPU = Debug|Any CPU
		Release|Any CPU = Release|Any CPU
	EndGlobalSection
	GlobalSection(ProjectConfigurationPlatforms) = postSolution
		{78B85340-05DB-45F9-A8E6-740ED2522E36}.Debug|Any CPU.ActiveCfg = Debug|Any CPU
		{78B85340-05DB-45F9-A8E6-740ED2522E36}.Debug|Any CPU.Build.0 = Debug|Any CPU
		{78B85340-05DB-45F9-A8E6-740ED2522E36}.Release|Any CPU.ActiveCfg = Release|Any CPU
		{78B85340-05DB-45F9-A8E6-740ED2522E36}.Release|Any CPU.Build.0 = Release|Any CPU
	EndGlobalSection
	GlobalSection(SolutionProperties) = preSolution
		HideSolutionNode = FALSE
	EndGlobalSection
	GlobalSection(ExtensibilityGlobals) = postSolution
		SolutionGuid = {FF620A13-7DA3-4AED-8766-1271EFA910D3}
	EndGlobalSection
EndGlobal
